Microsoft Visual Studio Solution File, Format Version 12.00
# Visual Studio Version 17
VisualStudioVersion = 17.12.35707.178 d17.12
MinimumVisualStudioVersion = 10.0.40219.1
Project("{FAE04EC0-301F-11D3-BF4B-00C04F79EFBC}") = "SjisApp.AppHost", "SjisApp.AppHost\SjisApp.AppHost.csproj", "{A8135DFE-5CF2-476A-8C85-1DBE572B8C03}"
EndProject
Project("{FAE04EC0-301F-11D3-BF4B-00C04F79EFBC}") = "SjisApp.ServiceDefaults", "SjisApp.ServiceDefaults\SjisApp.ServiceDefaults.csproj", "{882FF4D5-812B-4DC5-A644-07E5ED3F59FC}"
EndProject
Project("{FAE04EC0-301F-11D3-BF4B-00C04F79EFBC}") = "BlazorApp1", "BlazorApp1\BlazorApp1.csproj", "{038E64E3-E8EE-4936-AE6D-32BAD6C9D015}"
EndProject
Global
	GlobalSection(SolutionConfigurationPlatforms) = preSolution
		Debug|Any CPU = Debug|Any CPU
		Release|Any CPU = Release|Any CPU
	EndGlobalSection
	GlobalSection(ProjectConfigurationPlatforms) = postSolution
		{A8135DFE-5CF2-476A-8C85-1DBE572B8C03}.Debug|Any CPU.ActiveCfg = Debug|Any CPU
		{A8135DFE-5CF2-476A-8C85-1DBE572B8C03}.Debug|Any CPU.Build.0 = Debug|Any CPU
		{A8135DFE-5CF2-476A-8C85-1DBE572B8C03}.Release|Any CPU.ActiveCfg = Release|Any CPU
		{A8135DFE-5CF2-476A-8C85-1DBE572B8C03}.Release|Any CPU.Build.0 = Release|Any CPU
		{882FF4D5-812B-4DC5-A644-07E5ED3F59FC}.Debug|Any CPU.ActiveCfg = Debug|Any CPU
		{882FF4D5-812B-4DC5-A644-07E5ED3F59FC}.Debug|Any CPU.Build.0 = Debug|Any CPU
		{882FF4D5-812B-4DC5-A644-07E5ED3F59FC}.Release|Any CPU.ActiveCfg = Release|Any CPU
		{882FF4D5-812B-4DC5-A644-07E5ED3F59FC}.Release|Any CPU.Build.0 = Release|Any CPU
		{038E64E3-E8EE-4936-AE6D-32BAD6C9D015}.Debug|Any CPU.ActiveCfg = Debug|Any CPU
		{038E64E3-E8EE-4936-AE6D-32BAD6C9D015}.Debug|Any CPU.Build.0 = Debug|Any CPU
		{038E64E3-E8EE-4936-AE6D-32BAD6C9D015}.Release|Any CPU.ActiveCfg = Release|Any CPU
		{038E64E3-E8EE-4936-AE6D-32BAD6C9D015}.Release|Any CPU.Build.0 = Release|Any CPU
	EndGlobalSection
	GlobalSection(SolutionProperties) = preSolution
		HideSolutionNode = FALSE
	EndGlobalSection
EndGlobal
